
Microsoft Visual Studio Solution File, Format Version 11.00
# HRIDE Solution File, Format Version 11.00
Project("{39F91901-BA3E-4766-9ADB-AC16DDCC0D9C}") = "WDT_demo", "WDT_demo.hrccproj", "{6B556200-4E55-47FE-8781-CD4EB0A16E45}"
EndProject
Global
	GlobalSection(SolutionConfigurationPlatforms) = preSolution
		Debug|x86 = Debug|x86
		Release|x86 = Release|x86
	EndGlobalSection
	GlobalSection(ProjectConfigurationPlatforms) = postSolution
		{6B556200-4E55-47FE-8781-CD4EB0A16E45}.Debug|x86.ActiveCfg = Debug|x86
		{6B556200-4E55-47FE-8781-CD4EB0A16E45}.Debug|x86.Build.0 = Debug|x86
		{6B556200-4E55-47FE-8781-CD4EB0A16E45}.Release|x86.ActiveCfg = Release|x86
		{6B556200-4E55-47FE-8781-CD4EB0A16E45}.Release|x86.Build.0 = Release|x86
	EndGlobalSection
	GlobalSection(SolutionProperties) = preSolution
		HideSolutionNode = FALSE
	EndGlobalSection
EndGlobal
