
Microsoft Visual Studio Solution File, Format Version 11.00
# HRIDE Solution File, Format Version 11.00
Project("{39F91901-BA3E-4766-9ADB-AC16DDCC0D9C}") = "adc_demo", "adc_demo.hrccproj", "{5D1FA2BB-DEE2-4D61-A77E-235A2DC15CCD}"
EndProject
Global
	GlobalSection(SolutionConfigurationPlatforms) = preSolution
		Debug|x86 = Debug|x86
		Release|x86 = Release|x86
	EndGlobalSection
	GlobalSection(ProjectConfigurationPlatforms) = postSolution
		{5D1FA2BB-DEE2-4D61-A77E-235A2DC15CCD}.Debug|x86.ActiveCfg = Debug|x86
		{5D1FA2BB-DEE2-4D61-A77E-235A2DC15CCD}.Debug|x86.Build.0 = Debug|x86
		{5D1FA2BB-DEE2-4D61-A77E-235A2DC15CCD}.Release|x86.ActiveCfg = Release|x86
		{5D1FA2BB-DEE2-4D61-A77E-235A2DC15CCD}.Release|x86.Build.0 = Release|x86
	EndGlobalSection
	GlobalSection(SolutionProperties) = preSolution
		HideSolutionNode = FALSE
	EndGlobalSection
EndGlobal
