
Microsoft Visual Studio Solution File, Format Version 11.00
# HRIDE Solution File, Format Version 11.00
Project("{39F91901-BA3E-4766-9ADB-AC16DDCC0D9C}") = "RTC_demo", "RTC_demo.hrccproj", "{570FD4BB-5C33-4ECA-9E96-DC777184BE94}"
EndProject
Global
	GlobalSection(SolutionConfigurationPlatforms) = preSolution
		Debug|x86 = Debug|x86
		Release|x86 = Release|x86
	EndGlobalSection
	GlobalSection(ProjectConfigurationPlatforms) = postSolution
		{570FD4BB-5C33-4ECA-9E96-DC777184BE94}.Debug|x86.ActiveCfg = Debug|x86
		{570FD4BB-5C33-4ECA-9E96-DC777184BE94}.Debug|x86.Build.0 = Debug|x86
		{570FD4BB-5C33-4ECA-9E96-DC777184BE94}.Release|x86.ActiveCfg = Release|x86
		{570FD4BB-5C33-4ECA-9E96-DC777184BE94}.Release|x86.Build.0 = Release|x86
	EndGlobalSection
	GlobalSection(SolutionProperties) = preSolution
		HideSolutionNode = FALSE
	EndGlobalSection
EndGlobal
